// !$*UTF8*$!
{
	archiveVersion = 1;
	classes = {
	};
	objectVersion = 77;
	objects = {

/* Begin PBXBuildFile section */
		05561CD36EF1A0775A282165 /* ShortcutsSettingsView.swift in Sources */ = {isa = PBXBuildFile; fileRef = AF5AE919A2699E6EB8BF7DC8 /* ShortcutsSettingsView.swift */; };
		0DD808F80666846F4E74BAD8 /* OnboardingView.swift in Sources */ = {isa = PBXBuildFile; fileRef = 23591B301A183579098AA019 /* OnboardingView.swift */; };
		109B63469DA494BD58E4538E /* FuzzyMatch.swift in Sources */ = {isa = PBXBuildFile; fileRef = 5227374AD8CDAE69DB46E159 /* FuzzyMatch.swift */; };
		14712478C37E6E8760CA47EC /* HyperKey.swift in Sources */ = {isa = PBXBuildFile; fileRef = C6DC5A4706854493D23FD18A /* HyperKey.swift */; };
		14A5A5ACD35A572EE906769F /* CalcEngine.swift in Sources */ = {isa = PBXBuildFile; fileRef = 3B976C84AFE60E357A346224 /* CalcEngine.swift */; };
		1D0C2F452B3801503B70EA9E /* GeneralSettingsView.swift in Sources */ = {isa = PBXBuildFile; fileRef = 4F63A3610C275E4961D60C7E /* GeneralSettingsView.swift */; };
		1F39D145DBE2290532C93614 /* ClipboardSettingsView.swift in Sources */ = {isa = PBXBuildFile; fileRef = 849FF3D93960B75F341D867C /* ClipboardSettingsView.swift */; };
		2085C9433B7534044E0A8A7D /* PermissionsSettingsView.swift in Sources */ = {isa = PBXBuildFile; fileRef = 0C36D92A5018B9A7B33775DE /* PermissionsSettingsView.swift */; };
		20C8E98F5BC0FDDB0F646F3D /* OverlayScroller.swift in Sources */ = {isa = PBXBuildFile; fileRef = 3FF10C4F5E4F73503F58D03B /* OverlayScroller.swift */; };
		24842144273FF92228540DBE /* FrequentEmojiStore.swift in Sources */ = {isa = PBXBuildFile; fileRef = 9A228BEF62103605DE7A8F38 /* FrequentEmojiStore.swift */; };
		29E3CA650949801BDB6C46C4 /* FileBrowser.swift in Sources */ = {isa = PBXBuildFile; fileRef = E2E8247A6122F49333C9D32D /* FileBrowser.swift */; };
		32697AB3853D043A12888B96 /* Permissions.swift in Sources */ = {isa = PBXBuildFile; fileRef = F31E3ACB6D2C26ECA485C3DB /* Permissions.swift */; };
		344D89B83B57C1DD1E7C0BFC /* EmojiCatalog.swift in Sources */ = {isa = PBXBuildFile; fileRef = 641A8B9F099ED1521F14D81E /* EmojiCatalog.swift */; };
		34E5FF0B3C9FD2FFE504D87A /* ClipboardView.swift in Sources */ = {isa = PBXBuildFile; fileRef = 52ADC36002F1A5B04D61B4D3 /* ClipboardView.swift */; };
		358EF6EDA7096C17C66EF072 /* CryptoData.generated.swift in Sources */ = {isa = PBXBuildFile; fileRef = 91FD21F130B4F0804F0DC32A /* CryptoData.generated.swift */; };
		36784C964DB27B94A62EEAA3 /* tinycast.icon in Resources */ = {isa = PBXBuildFile; fileRef = 6621A88681E993D49EEF07A3 /* tinycast.icon */; };
		374235D358A127741447551E /* SettingsBackup.swift in Sources */ = {isa = PBXBuildFile; fileRef = 5043CD44B4B40C49BE79852A /* SettingsBackup.swift */; };
		42828BD1C5E4E6E7AA1BF103 /* CalculatorHistoryStore.swift in Sources */ = {isa = PBXBuildFile; fileRef = F793A92DD4DC73CF1D87F3FD /* CalculatorHistoryStore.swift */; };
		441CF705AE1D03F6E236A61E /* ClipboardStore.swift in Sources */ = {isa = PBXBuildFile; fileRef = BDC43CFF6777C11BB880F398 /* ClipboardStore.swift */; };
		4F3D96E59E117459153336F4 /* SettingsPaneScanner.swift in Sources */ = {isa = PBXBuildFile; fileRef = C722D73D270A3A6CED4023F7 /* SettingsPaneScanner.swift */; };
		4F740AF85545CF4133C89B82 /* AboutView.swift in Sources */ = {isa = PBXBuildFile; fileRef = 4802942FF89B327A76432A9B /* AboutView.swift */; };
		5568D02AE095293A15A7F30D /* RightClick.swift in Sources */ = {isa = PBXBuildFile; fileRef = 93E9ACD504E016DFF6FE6C1B /* RightClick.swift */; };
		57AE40420A6A5349AD092878 /* ShortcutRecorder.swift in Sources */ = {isa = PBXBuildFile; fileRef = 596ADD747B4546B1E3340094 /* ShortcutRecorder.swift */; };
		58D9585A47F05ABB371D3192 /* CryptoRateStore.swift in Sources */ = {isa = PBXBuildFile; fileRef = C2962A34FAABC993C04F6443 /* CryptoRateStore.swift */; };
		649961AA51BA4D87626C27D5 /* CalcFormatter.swift in Sources */ = {isa = PBXBuildFile; fileRef = 09093BF10EA97BDCA45A241F /* CalcFormatter.swift */; };
		68FCC30764DD44ED72EFB6BA /* TinycastApp.swift in Sources */ = {isa = PBXBuildFile; fileRef = 2B629EC3B716FEE881BB0075 /* TinycastApp.swift */; };
		693E88D22D00CF6FD9CD7413 /* VisibilityStore.swift in Sources */ = {isa = PBXBuildFile; fileRef = 825AC18CE5DAFBEDA0CF3209 /* VisibilityStore.swift */; };
		6962B8A2850A45401275F677 /* NotificationToken.swift in Sources */ = {isa = PBXBuildFile; fileRef = 7FC5F0D4ECE8F3888DEB7642 /* NotificationToken.swift */; };
		6CDCE462405648998CDF1E77 /* CurrencyRateStore.swift in Sources */ = {isa = PBXBuildFile; fileRef = 8E6CB5CD6C0477BAC9FE383F /* CurrencyRateStore.swift */; };
		6D3DBE00FCB757C67669CFBA /* CommandRegistry.swift in Sources */ = {isa = PBXBuildFile; fileRef = 5D57B0AE44D21035163BD422 /* CommandRegistry.swift */; };
		6F08764D6CC09E9B3FD1E05A /* RootPaletteView.swift in Sources */ = {isa = PBXBuildFile; fileRef = 0F50886DC766B9923C3875A5 /* RootPaletteView.swift */; };
		715F8A70F7A533D2EEEF6135 /* EdgeDissolve.swift in Sources */ = {isa = PBXBuildFile; fileRef = 33A13DB27EE627AC08051165 /* EdgeDissolve.swift */; };
		72406E09AD9A33B56EA4923D /* CalcParser.swift in Sources */ = {isa = PBXBuildFile; fileRef = 423CFE8AB90484D0309F24C0 /* CalcParser.swift */; };
		72ACD144841BF1117CD4E705 /* Theme.swift in Sources */ = {isa = PBXBuildFile; fileRef = 7BC2DEA0A052116A92F9A539 /* Theme.swift */; };
		734ACB5BEC04569D6C552CAE /* QuickLookController.swift in Sources */ = {isa = PBXBuildFile; fileRef = 17FEF5EC93B1F6CCC850EE69 /* QuickLookController.swift */; };
		80F1A591DB0F5385F5C9A06C /* PopoverMenu.swift in Sources */ = {isa = PBXBuildFile; fileRef = 98B7211D27EDF764EC477A0F /* PopoverMenu.swift */; };
		854C19458C8A0AE0BD757600 /* EmojiIndex.swift in Sources */ = {isa = PBXBuildFile; fileRef = 74F450E10D107C1E30EA2BC6 /* EmojiIndex.swift */; };
		85BCD328F402C7E09461D87F /* ThinScrollbar.swift in Sources */ = {isa = PBXBuildFile; fileRef = A31288EC60144BD31C495FE2 /* ThinScrollbar.swift */; };
		8611F52FF00B8C43EC46F902 /* EmojiSettingsView.swift in Sources */ = {isa = PBXBuildFile; fileRef = 041AB49DDB9CA53148BB8A46 /* EmojiSettingsView.swift */; };
		8631543D8E0E008E7C541345 /* BackupSettingsView.swift in Sources */ = {isa = PBXBuildFile; fileRef = 2FC323070A08CD17DFFB2F8A /* BackupSettingsView.swift */; };
		86D400D72735A8D0829029DE /* SettingsComponents.swift in Sources */ = {isa = PBXBuildFile; fileRef = D4777FBB3A4FBB2F95FDC250 /* SettingsComponents.swift */; };
		8EF55652F19A1E0C5FF644B4 /* RaycastImport.swift in Sources */ = {isa = PBXBuildFile; fileRef = B4049668745FD438D5792A2F /* RaycastImport.swift */; };
		8F7431A1340D0A5783599087 /* MiscellaneousSettingsView.swift in Sources */ = {isa = PBXBuildFile; fileRef = 297F819E291F33E43E490359 /* MiscellaneousSettingsView.swift */; };
		903E82F78D3FCEF3A1AF3752 /* HotKeyManager.swift in Sources */ = {isa = PBXBuildFile; fileRef = D37B6D29E8E23C6136EBFB38 /* HotKeyManager.swift */; };
		97A195E9D6480418D4944560 /* AppCore.swift in Sources */ = {isa = PBXBuildFile; fileRef = 3A64EF5A07D459753998F78C /* AppCore.swift */; };
		9969E6858C4FDC5CCCDEB5D8 /* Assets.xcassets in Resources */ = {isa = PBXBuildFile; fileRef = C45190564C9D9F1722E83943 /* Assets.xcassets */; };
		9A254BEE278D7B78B76553A9 /* Scrypt.swift in Sources */ = {isa = PBXBuildFile; fileRef = EDE0C0DC05F958A4B4DCAA8C /* Scrypt.swift */; };
		9A3972BE11AE353EFBB839A0 /* PalettePanel.swift in Sources */ = {isa = PBXBuildFile; fileRef = 555E9C7EA62BDB40891A5751 /* PalettePanel.swift */; };
		9EC89A6398BD075275FECC9E /* CalcUnits.swift in Sources */ = {isa = PBXBuildFile; fileRef = 25B8A7D8DBB0CE2ACEDB3979 /* CalcUnits.swift */; };
		A0DB31CA35D9A980CA984EDE /* LaunchAtLogin.swift in Sources */ = {isa = PBXBuildFile; fileRef = 0D045D032498C2294A99890E /* LaunchAtLogin.swift */; };
		A2EA931B8B8078A1D1162B53 /* VisualEffectView.swift in Sources */ = {isa = PBXBuildFile; fileRef = EB20A38DA4C5603DF7430B3C /* VisualEffectView.swift */; };
		A41C0DCB2DEBCCA46F6C4B10 /* FavoritesStore.swift in Sources */ = {isa = PBXBuildFile; fileRef = 9FB750D045194AE34D39D792 /* FavoritesStore.swift */; };
		A9D8B54D88A60DE9FC1F43BF /* CalcDateTime.swift in Sources */ = {isa = PBXBuildFile; fileRef = E0D3EBB9D877817D10D120A8 /* CalcDateTime.swift */; };
		AA8050D9A547CDDD37C581C4 /* CurrencyData.generated.swift in Sources */ = {isa = PBXBuildFile; fileRef = 5E08668A3C8418E2F0970300 /* CurrencyData.generated.swift */; };
		ABBB2A811EB5C69D55A93B1C /* RaycastImportSelection.swift in Sources */ = {isa = PBXBuildFile; fileRef = 1BCCED95A78DC5BED117E960 /* RaycastImportSelection.swift */; };
		AD2141EBF98A246BDA3BAB8E /* Gunzip.swift in Sources */ = {isa = PBXBuildFile; fileRef = 32A53295959552ED28D34960 /* Gunzip.swift */; };
		AE0D0C53004C65D65BE89B6F /* BackupActions.swift in Sources */ = {isa = PBXBuildFile; fileRef = C9D8C2C59C2B578CFE61E004 /* BackupActions.swift */; };
		AF2B2488A6490B0DF90C29B4 /* FileStore.swift in Sources */ = {isa = PBXBuildFile; fileRef = 8C61DFBFE756C964439DDA32 /* FileStore.swift */; };
		B1B3F5715BE7A092F0CEFA09 /* ClipboardManager.swift in Sources */ = {isa = PBXBuildFile; fileRef = A76E4099082D59FA686C3485 /* ClipboardManager.swift */; };
		B810158281A87CBA2AB694D0 /* EmojiData.generated.swift in Sources */ = {isa = PBXBuildFile; fileRef = 79DB24EE452A7CA120B56FA6 /* EmojiData.generated.swift */; };
		BA76E53A12248B3A9C42B4F9 /* Bundle+AppName.swift in Sources */ = {isa = PBXBuildFile; fileRef = D3FA43AD7C6FB00F555C52C2 /* Bundle+AppName.swift */; };
		C0642512B709EF0517ABF4CB /* AppDelegate.swift in Sources */ = {isa = PBXBuildFile; fileRef = 9C37CCD024267EB21876C7E9 /* AppDelegate.swift */; };
		C7DD1345A6BFB1D9EB22FCEE /* RunningApps.swift in Sources */ = {isa = PBXBuildFile; fileRef = 4B432D84D8F9C10521342199 /* RunningApps.swift */; };
		C8F4555ECA895F63A34A327C /* EmojiGridGeometry.swift in Sources */ = {isa = PBXBuildFile; fileRef = DABCE058D38F493D58F6E072 /* EmojiGridGeometry.swift */; };
		CFB516312C4694DDFD99DBCA /* SettingsRootView.swift in Sources */ = {isa = PBXBuildFile; fileRef = 68952539C0BD045BA175CBB6 /* SettingsRootView.swift */; };
		D322804853973E1C19F2A408 /* AppIndex.swift in Sources */ = {isa = PBXBuildFile; fileRef = BA7CE23482F7DF563A268806 /* AppIndex.swift */; };
		D3CA50C1CFABC31E6BC7B73C /* CalcPercent.swift in Sources */ = {isa = PBXBuildFile; fileRef = 88A65B4EC5AE7E22594BFC5E /* CalcPercent.swift */; };
		D3D2ACD2D94588786C2185AE /* CalcCurrency.swift in Sources */ = {isa = PBXBuildFile; fileRef = 299122624B5E1BA2C5400478 /* CalcCurrency.swift */; };
		DA2EBB18F026BD055E0270CD /* AppLauncher.swift in Sources */ = {isa = PBXBuildFile; fileRef = 5A2EF9C70F8BC9571089D5EB /* AppLauncher.swift */; };
		DA5BCA13045FF91B3FC8EB35 /* OnboardingState.swift in Sources */ = {isa = PBXBuildFile; fileRef = B8A9B4E6E477C30372C85F86 /* OnboardingState.swift */; };
		DB04CC2AFEDD69D0676CA1D1 /* CalculatorCardView.swift in Sources */ = {isa = PBXBuildFile; fileRef = C64C87569634E26E1BE99A91 /* CalculatorCardView.swift */; };
		DCC36924E538C11136CEC060 /* LauncherView.swift in Sources */ = {isa = PBXBuildFile; fileRef = 6BB7C545EFD9589A77AD7BE2 /* LauncherView.swift */; };
		DEC660F280699E43AA028E8A /* HotKeyCenter.swift in Sources */ = {isa = PBXBuildFile; fileRef = 1DB0D6E17E2B2D6F2CB47E0D /* HotKeyCenter.swift */; };
		E5072CA7D34BA877D97DF392 /* ImageThumbnail.swift in Sources */ = {isa = PBXBuildFile; fileRef = 99945F0952ADADBBEB9B8388 /* ImageThumbnail.swift */; };
		E952B659AEB905A3B233F78B /* EmojiGridView.swift in Sources */ = {isa = PBXBuildFile; fileRef = BB94F0767AE0A5855FB22BF6 /* EmojiGridView.swift */; };
		F25D58ED6EF3308D38D01732 /* PaletteWindowController.swift in Sources */ = {isa = PBXBuildFile; fileRef = A5447AEAD87BFE0E2D979B39 /* PaletteWindowController.swift */; };
		F2B68DBA258D85DD5C6DC1CC /* Paster.swift in Sources */ = {isa = PBXBuildFile; fileRef = 6185011A02366B30B48B5B6C /* Paster.swift */; };
		F5EEA88C9F6BBC94539173D3 /* Localizable.xcstrings in Resources */ = {isa = PBXBuildFile; fileRef = 1EE2F7E7C7F2A97594835F82 /* Localizable.xcstrings */; };
		F5F3381FF70997223F8888B0 /* KeyShortcut.swift in Sources */ = {isa = PBXBuildFile; fileRef = 2C3EB07C07902C53BFD3B08B /* KeyShortcut.swift */; };
		F6B79728FF2D37A60FED72AF /* HyperKeyTap.swift in Sources */ = {isa = PBXBuildFile; fileRef = 919AC64DE9C9DC3A973A0B4E /* HyperKeyTap.swift */; };
		FD78FE7ED3B44E4F35455C67 /* FileGridView.swift in Sources */ = {isa = PBXBuildFile; fileRef = 84A458A743D161CA806E0339 /* FileGridView.swift */; };
		FE6A9C75F87C3495F413E66E /* CalculatorHistoryView.swift in Sources */ = {isa = PBXBuildFile; fileRef = 68BD5E61831CB92150C62E1F /* CalculatorHistoryView.swift */; };
		FEA05585E8AA58506D378CAF /* AppSettings.swift in Sources */ = {isa = PBXBuildFile; fileRef = B275099E59BD2531A838F7D8 /* AppSettings.swift */; };
/* End PBXBuildFile section */

/* Begin PBXFileReference section */
		041AB49DDB9CA53148BB8A46 /* EmojiSettingsView.swift */ = {isa = PBXFileReference; lastKnownFileType = sourcecode.swift; path = EmojiSettingsView.swift; sourceTree = "<group>"; };
		09093BF10EA97BDCA45A241F /* CalcFormatter.swift */ = {isa = PBXFileReference; lastKnownFileType = sourcecode.swift; path = CalcFormatter.swift; sourceTree = "<group>"; };
		0C36D92A5018B9A7B33775DE /* PermissionsSettingsView.swift */ = {isa = PBXFileReference; lastKnownFileType = sourcecode.swift; path = PermissionsSettingsView.swift; sourceTree = "<group>"; };
		0D045D032498C2294A99890E /* LaunchAtLogin.swift */ = {isa = PBXFileReference; lastKnownFileType = sourcecode.swift; path = LaunchAtLogin.swift; sourceTree = "<group>"; };
		0F50886DC766B9923C3875A5 /* RootPaletteView.swift */ = {isa = PBXFileReference; lastKnownFileType = sourcecode.swift; path = RootPaletteView.swift; sourceTree = "<group>"; };
		17FEF5EC93B1F6CCC850EE69 /* QuickLookController.swift */ = {isa = PBXFileReference; lastKnownFileType = sourcecode.swift; path = QuickLookController.swift; sourceTree = "<group>"; };
		1BCCED95A78DC5BED117E960 /* RaycastImportSelection.swift */ = {isa = PBXFileReference; lastKnownFileType = sourcecode.swift; path = RaycastImportSelection.swift; sourceTree = "<group>"; };
		1DB0D6E17E2B2D6F2CB47E0D /* HotKeyCenter.swift */ = {isa = PBXFileReference; lastKnownFileType = sourcecode.swift; path = HotKeyCenter.swift; sourceTree = "<group>"; };
		1EE2F7E7C7F2A97594835F82 /* Localizable.xcstrings */ = {isa = PBXFileReference; lastKnownFileType = text.json.xcstrings; path = Localizable.xcstrings; sourceTree = "<group>"; };
		23591B301A183579098AA019 /* OnboardingView.swift */ = {isa = PBXFileReference; lastKnownFileType = sourcecode.swift; path = OnboardingView.swift; sourceTree = "<group>"; };
		25B8A7D8DBB0CE2ACEDB3979 /* CalcUnits.swift */ = {isa = PBXFileReference; lastKnownFileType = sourcecode.swift; path = CalcUnits.swift; sourceTree = "<group>"; };
		297F819E291F33E43E490359 /* MiscellaneousSettingsView.swift */ = {isa = PBXFileReference; lastKnownFileType = sourcecode.swift; path = MiscellaneousSettingsView.swift; sourceTree = "<group>"; };
		299122624B5E1BA2C5400478 /* CalcCurrency.swift */ = {isa = PBXFileReference; lastKnownFileType = sourcecode.swift; path = CalcCurrency.swift; sourceTree = "<group>"; };
		2B629EC3B716FEE881BB0075 /* TinycastApp.swift */ = {isa = PBXFileReference; lastKnownFileType = sourcecode.swift; path = TinycastApp.swift; sourceTree = "<group>"; };
		2C3EB07C07902C53BFD3B08B /* KeyShortcut.swift */ = {isa = PBXFileReference; lastKnownFileType = sourcecode.swift; path = KeyShortcut.swift; sourceTree = "<group>"; };
		2FC323070A08CD17DFFB2F8A /* BackupSettingsView.swift */ = {isa = PBXFileReference; lastKnownFileType = sourcecode.swift; path = BackupSettingsView.swift; sourceTree = "<group>"; };
		32A53295959552ED28D34960 /* Gunzip.swift */ = {isa = PBXFileReference; lastKnownFileType = sourcecode.swift; path = Gunzip.swift; sourceTree = "<group>"; };
		33A13DB27EE627AC08051165 /* EdgeDissolve.swift */ = {isa = PBXFileReference; lastKnownFileType = sourcecode.swift; path = EdgeDissolve.swift; sourceTree = "<group>"; };
		3A64EF5A07D459753998F78C /* AppCore.swift */ = {isa = PBXFileReference; lastKnownFileType = sourcecode.swift; path = AppCore.swift; sourceTree = "<group>"; };
		3B976C84AFE60E357A346224 /* CalcEngine.swift */ = {isa = PBXFileReference; lastKnownFileType = sourcecode.swift; path = CalcEngine.swift; sourceTree = "<group>"; };
		3FF10C4F5E4F73503F58D03B /* OverlayScroller.swift */ = {isa = PBXFileReference; lastKnownFileType = sourcecode.swift; path = OverlayScroller.swift; sourceTree = "<group>"; };
		423CFE8AB90484D0309F24C0 /* CalcParser.swift */ = {isa = PBXFileReference; lastKnownFileType = sourcecode.swift; path = CalcParser.swift; sourceTree = "<group>"; };
		45D4BA6E1BD8EB1F96A8927F /* Tinycast.entitlements */ = {isa = PBXFileReference; lastKnownFileType = text.plist.entitlements; path = Tinycast.entitlements; sourceTree = "<group>"; };
		4802942FF89B327A76432A9B /* AboutView.swift */ = {isa = PBXFileReference; lastKnownFileType = sourcecode.swift; path = AboutView.swift; sourceTree = "<group>"; };
		4B432D84D8F9C10521342199 /* RunningApps.swift */ = {isa = PBXFileReference; lastKnownFileType = sourcecode.swift; path = RunningApps.swift; sourceTree = "<group>"; };
		4DA7B926405DAC632C056418 /* Info.plist */ = {isa = PBXFileReference; lastKnownFileType = text.plist; path = Info.plist; sourceTree = "<group>"; };
		4F63A3610C275E4961D60C7E /* GeneralSettingsView.swift */ = {isa = PBXFileReference; lastKnownFileType = sourcecode.swift; path = GeneralSettingsView.swift; sourceTree = "<group>"; };
		5043CD44B4B40C49BE79852A /* SettingsBackup.swift */ = {isa = PBXFileReference; lastKnownFileType = sourcecode.swift; path = SettingsBackup.swift; sourceTree = "<group>"; };
		5227374AD8CDAE69DB46E159 /* FuzzyMatch.swift */ = {isa = PBXFileReference; lastKnownFileType = sourcecode.swift; path = FuzzyMatch.swift; sourceTree = "<group>"; };
		52ADC36002F1A5B04D61B4D3 /* ClipboardView.swift */ = {isa = PBXFileReference; lastKnownFileType = sourcecode.swift; path = ClipboardView.swift; sourceTree = "<group>"; };
		5392500F86E23C099D33561D /* Tinycast.app */ = {isa = PBXFileReference; explicitFileType = wrapper.application; includeInIndex = 0; path = Tinycast.app; sourceTree = BUILT_PRODUCTS_DIR; };
		555E9C7EA62BDB40891A5751 /* PalettePanel.swift */ = {isa = PBXFileReference; lastKnownFileType = sourcecode.swift; path = PalettePanel.swift; sourceTree = "<group>"; };
		596ADD747B4546B1E3340094 /* ShortcutRecorder.swift */ = {isa = PBXFileReference; lastKnownFileType = sourcecode.swift; path = ShortcutRecorder.swift; sourceTree = "<group>"; };
		5A2EF9C70F8BC9571089D5EB /* AppLauncher.swift */ = {isa = PBXFileReference; lastKnownFileType = sourcecode.swift; path = AppLauncher.swift; sourceTree = "<group>"; };
		5D57B0AE44D21035163BD422 /* CommandRegistry.swift */ = {isa = PBXFileReference; lastKnownFileType = sourcecode.swift; path = CommandRegistry.swift; sourceTree = "<group>"; };
		5E08668A3C8418E2F0970300 /* CurrencyData.generated.swift */ = {isa = PBXFileReference; lastKnownFileType = sourcecode.swift; path = CurrencyData.generated.swift; sourceTree = "<group>"; };
		6185011A02366B30B48B5B6C /* Paster.swift */ = {isa = PBXFileReference; lastKnownFileType = sourcecode.swift; path = Paster.swift; sourceTree = "<group>"; };
		641A8B9F099ED1521F14D81E /* EmojiCatalog.swift */ = {isa = PBXFileReference; lastKnownFileType = sourcecode.swift; path = EmojiCatalog.swift; sourceTree = "<group>"; };
		6621A88681E993D49EEF07A3 /* tinycast.icon */ = {isa = PBXFileReference; lastKnownFileType = wrapper.icon; path = tinycast.icon; sourceTree = "<group>"; };
		68952539C0BD045BA175CBB6 /* SettingsRootView.swift */ = {isa = PBXFileReference; lastKnownFileType = sourcecode.swift; path = SettingsRootView.swift; sourceTree = "<group>"; };
		68BD5E61831CB92150C62E1F /* CalculatorHistoryView.swift */ = {isa = PBXFileReference; lastKnownFileType = sourcecode.swift; path = CalculatorHistoryView.swift; sourceTree = "<group>"; };
		6BB7C545EFD9589A77AD7BE2 /* LauncherView.swift */ = {isa = PBXFileReference; lastKnownFileType = sourcecode.swift; path = LauncherView.swift; sourceTree = "<group>"; };
		74F450E10D107C1E30EA2BC6 /* EmojiIndex.swift */ = {isa = PBXFileReference; lastKnownFileType = sourcecode.swift; path = EmojiIndex.swift; sourceTree = "<group>"; };
		79DB24EE452A7CA120B56FA6 /* EmojiData.generated.swift */ = {isa = PBXFileReference; lastKnownFileType = sourcecode.swift; path = EmojiData.generated.swift; sourceTree = "<group>"; };
		7BC2DEA0A052116A92F9A539 /* Theme.swift */ = {isa = PBXFileReference; lastKnownFileType = sourcecode.swift; path = Theme.swift; sourceTree = "<group>"; };
		7FC5F0D4ECE8F3888DEB7642 /* NotificationToken.swift */ = {isa = PBXFileReference; lastKnownFileType = sourcecode.swift; path = NotificationToken.swift; sourceTree = "<group>"; };
		825AC18CE5DAFBEDA0CF3209 /* VisibilityStore.swift */ = {isa = PBXFileReference; lastKnownFileType = sourcecode.swift; path = VisibilityStore.swift; sourceTree = "<group>"; };
		849FF3D93960B75F341D867C /* ClipboardSettingsView.swift */ = {isa = PBXFileReference; lastKnownFileType = sourcecode.swift; path = ClipboardSettingsView.swift; sourceTree = "<group>"; };
		84A458A743D161CA806E0339 /* FileGridView.swift */ = {isa = PBXFileReference; lastKnownFileType = sourcecode.swift; path = FileGridView.swift; sourceTree = "<group>"; };
		88A65B4EC5AE7E22594BFC5E /* CalcPercent.swift */ = {isa = PBXFileReference; lastKnownFileType = sourcecode.swift; path = CalcPercent.swift; sourceTree = "<group>"; };
		8C61DFBFE756C964439DDA32 /* FileStore.swift */ = {isa = PBXFileReference; lastKnownFileType = sourcecode.swift; path = FileStore.swift; sourceTree = "<group>"; };
		8E6CB5CD6C0477BAC9FE383F /* CurrencyRateStore.swift */ = {isa = PBXFileReference; lastKnownFileType = sourcecode.swift; path = CurrencyRateStore.swift; sourceTree = "<group>"; };
		919AC64DE9C9DC3A973A0B4E /* HyperKeyTap.swift */ = {isa = PBXFileReference; lastKnownFileType = sourcecode.swift; path = HyperKeyTap.swift; sourceTree = "<group>"; };
		91FD21F130B4F0804F0DC32A /* CryptoData.generated.swift */ = {isa = PBXFileReference; lastKnownFileType = sourcecode.swift; path = CryptoData.generated.swift; sourceTree = "<group>"; };
		93E9ACD504E016DFF6FE6C1B /* RightClick.swift */ = {isa = PBXFileReference; lastKnownFileType = sourcecode.swift; path = RightClick.swift; sourceTree = "<group>"; };
		98B7211D27EDF764EC477A0F /* PopoverMenu.swift */ = {isa = PBXFileReference; lastKnownFileType = sourcecode.swift; path = PopoverMenu.swift; sourceTree = "<group>"; };
		99945F0952ADADBBEB9B8388 /* ImageThumbnail.swift */ = {isa = PBXFileReference; lastKnownFileType = sourcecode.swift; path = ImageThumbnail.swift; sourceTree = "<group>"; };
		9A228BEF62103605DE7A8F38 /* FrequentEmojiStore.swift */ = {isa = PBXFileReference; lastKnownFileType = sourcecode.swift; path = FrequentEmojiStore.swift; sourceTree = "<group>"; };
		9C37CCD024267EB21876C7E9 /* AppDelegate.swift */ = {isa = PBXFileReference; lastKnownFileType = sourcecode.swift; path = AppDelegate.swift; sourceTree = "<group>"; };
		9FB750D045194AE34D39D792 /* FavoritesStore.swift */ = {isa = PBXFileReference; lastKnownFileType = sourcecode.swift; path = FavoritesStore.swift; sourceTree = "<group>"; };
		A31288EC60144BD31C495FE2 /* ThinScrollbar.swift */ = {isa = PBXFileReference; lastKnownFileType = sourcecode.swift; path = ThinScrollbar.swift; sourceTree = "<group>"; };
		A5447AEAD87BFE0E2D979B39 /* PaletteWindowController.swift */ = {isa = PBXFileReference; lastKnownFileType = sourcecode.swift; path = PaletteWindowController.swift; sourceTree = "<group>"; };
		A76E4099082D59FA686C3485 /* ClipboardManager.swift */ = {isa = PBXFileReference; lastKnownFileType = sourcecode.swift; path = ClipboardManager.swift; sourceTree = "<group>"; };
		AF5AE919A2699E6EB8BF7DC8 /* ShortcutsSettingsView.swift */ = {isa = PBXFileReference; lastKnownFileType = sourcecode.swift; path = ShortcutsSettingsView.swift; sourceTree = "<group>"; };
		B275099E59BD2531A838F7D8 /* AppSettings.swift */ = {isa = PBXFileReference; lastKnownFileType = sourcecode.swift; path = AppSettings.swift; sourceTree = "<group>"; };
		B4049668745FD438D5792A2F /* RaycastImport.swift */ = {isa = PBXFileReference; lastKnownFileType = sourcecode.swift; path = RaycastImport.swift; sourceTree = "<group>"; };
		B8A9B4E6E477C30372C85F86 /* OnboardingState.swift */ = {isa = PBXFileReference; lastKnownFileType = sourcecode.swift; path = OnboardingState.swift; sourceTree = "<group>"; };
		BA7CE23482F7DF563A268806 /* AppIndex.swift */ = {isa = PBXFileReference; lastKnownFileType = sourcecode.swift; path = AppIndex.swift; sourceTree = "<group>"; };
		BB94F0767AE0A5855FB22BF6 /* EmojiGridView.swift */ = {isa = PBXFileReference; lastKnownFileType = sourcecode.swift; path = EmojiGridView.swift; sourceTree = "<group>"; };
		BDC43CFF6777C11BB880F398 /* ClipboardStore.swift */ = {isa = PBXFileReference; lastKnownFileType = sourcecode.swift; path = ClipboardStore.swift; sourceTree = "<group>"; };
		C2962A34FAABC993C04F6443 /* CryptoRateStore.swift */ = {isa = PBXFileReference; lastKnownFileType = sourcecode.swift; path = CryptoRateStore.swift; sourceTree = "<group>"; };
		C45190564C9D9F1722E83943 /* Assets.xcassets */ = {isa = PBXFileReference; lastKnownFileType = folder.assetcatalog; path = Assets.xcassets; sourceTree = "<group>"; };
		C64C87569634E26E1BE99A91 /* CalculatorCardView.swift */ = {isa = PBXFileReference; lastKnownFileType = sourcecode.swift; path = CalculatorCardView.swift; sourceTree = "<group>"; };
		C6DC5A4706854493D23FD18A /* HyperKey.swift */ = {isa = PBXFileReference; lastKnownFileType = sourcecode.swift; path = HyperKey.swift; sourceTree = "<group>"; };
		C722D73D270A3A6CED4023F7 /* SettingsPaneScanner.swift */ = {isa = PBXFileReference; lastKnownFileType = sourcecode.swift; path = SettingsPaneScanner.swift; sourceTree = "<group>"; };
		C9D8C2C59C2B578CFE61E004 /* BackupActions.swift */ = {isa = PBXFileReference; lastKnownFileType = sourcecode.swift; path = BackupActions.swift; sourceTree = "<group>"; };
		D37B6D29E8E23C6136EBFB38 /* HotKeyManager.swift */ = {isa = PBXFileReference; lastKnownFileType = sourcecode.swift; path = HotKeyManager.swift; sourceTree = "<group>"; };
		D3FA43AD7C6FB00F555C52C2 /* Bundle+AppName.swift */ = {isa = PBXFileReference; lastKnownFileType = sourcecode.swift; path = "Bundle+AppName.swift"; sourceTree = "<group>"; };
		D4777FBB3A4FBB2F95FDC250 /* SettingsComponents.swift */ = {isa = PBXFileReference; lastKnownFileType = sourcecode.swift; path = SettingsComponents.swift; sourceTree = "<group>"; };
		DABCE058D38F493D58F6E072 /* EmojiGridGeometry.swift */ = {isa = PBXFileReference; lastKnownFileType = sourcecode.swift; path = EmojiGridGeometry.swift; sourceTree = "<group>"; };
		E0D3EBB9D877817D10D120A8 /* CalcDateTime.swift */ = {isa = PBXFileReference; lastKnownFileType = sourcecode.swift; path = CalcDateTime.swift; sourceTree = "<group>"; };
		E2E8247A6122F49333C9D32D /* FileBrowser.swift */ = {isa = PBXFileReference; lastKnownFileType = sourcecode.swift; path = FileBrowser.swift; sourceTree = "<group>"; };
		EB20A38DA4C5603DF7430B3C /* VisualEffectView.swift */ = {isa = PBXFileReference; lastKnownFileType = sourcecode.swift; path = VisualEffectView.swift; sourceTree = "<group>"; };
		EDE0C0DC05F958A4B4DCAA8C /* Scrypt.swift */ = {isa = PBXFileReference; lastKnownFileType = sourcecode.swift; path = Scrypt.swift; sourceTree = "<group>"; };
		F31E3ACB6D2C26ECA485C3DB /* Permissions.swift */ = {isa = PBXFileReference; lastKnownFileType = sourcecode.swift; path = Permissions.swift; sourceTree = "<group>"; };
		F793A92DD4DC73CF1D87F3FD /* CalculatorHistoryStore.swift */ = {isa = PBXFileReference; lastKnownFileType = sourcecode.swift; path = CalculatorHistoryStore.swift; sourceTree = "<group>"; };
/* End PBXFileReference section */

/* Begin PBXGroup section */
		005F026A8F7D5E209B1CE917 /* Clipboard */ = {
			isa = PBXGroup;
			children = (
				52ADC36002F1A5B04D61B4D3 /* ClipboardView.swift */,
			);
			path = Clipboard;
			sourceTree = "<group>";
		};
		07DE9E76AC9C944A7EC3F253 /* Core */ = {
			isa = PBXGroup;
			children = (
				C7693795CC6FB6188989435E /* Backup */,
				E78667BC941556AB120FB562 /* Calculator */,
				E2E33C02FBE324BED2E84314 /* Emoji */,
				CB742F7643800C43475DE213 /* HotKey */,
				3A64EF5A07D459753998F78C /* AppCore.swift */,
				BA7CE23482F7DF563A268806 /* AppIndex.swift */,
				5A2EF9C70F8BC9571089D5EB /* AppLauncher.swift */,
				B275099E59BD2531A838F7D8 /* AppSettings.swift */,
				D3FA43AD7C6FB00F555C52C2 /* Bundle+AppName.swift */,
				F793A92DD4DC73CF1D87F3FD /* CalculatorHistoryStore.swift */,
				A76E4099082D59FA686C3485 /* ClipboardManager.swift */,
				BDC43CFF6777C11BB880F398 /* ClipboardStore.swift */,
				5D57B0AE44D21035163BD422 /* CommandRegistry.swift */,
				C2962A34FAABC993C04F6443 /* CryptoRateStore.swift */,
				8E6CB5CD6C0477BAC9FE383F /* CurrencyRateStore.swift */,
				33A13DB27EE627AC08051165 /* EdgeDissolve.swift */,
				9FB750D045194AE34D39D792 /* FavoritesStore.swift */,
				E2E8247A6122F49333C9D32D /* FileBrowser.swift */,
				8C61DFBFE756C964439DDA32 /* FileStore.swift */,
				5227374AD8CDAE69DB46E159 /* FuzzyMatch.swift */,
				D37B6D29E8E23C6136EBFB38 /* HotKeyManager.swift */,
				99945F0952ADADBBEB9B8388 /* ImageThumbnail.swift */,
				0D045D032498C2294A99890E /* LaunchAtLogin.swift */,
				7FC5F0D4ECE8F3888DEB7642 /* NotificationToken.swift */,
				B8A9B4E6E477C30372C85F86 /* OnboardingState.swift */,
				3FF10C4F5E4F73503F58D03B /* OverlayScroller.swift */,
				555E9C7EA62BDB40891A5751 /* PalettePanel.swift */,
				A5447AEAD87BFE0E2D979B39 /* PaletteWindowController.swift */,
				6185011A02366B30B48B5B6C /* Paster.swift */,
				F31E3ACB6D2C26ECA485C3DB /* Permissions.swift */,
				17FEF5EC93B1F6CCC850EE69 /* QuickLookController.swift */,
				93E9ACD504E016DFF6FE6C1B /* RightClick.swift */,
				4B432D84D8F9C10521342199 /* RunningApps.swift */,
				C722D73D270A3A6CED4023F7 /* SettingsPaneScanner.swift */,
				7BC2DEA0A052116A92F9A539 /* Theme.swift */,
				A31288EC60144BD31C495FE2 /* ThinScrollbar.swift */,
				825AC18CE5DAFBEDA0CF3209 /* VisibilityStore.swift */,
				EB20A38DA4C5603DF7430B3C /* VisualEffectView.swift */,
			);
			path = Core;
			sourceTree = "<group>";
		};
		0ED457107377ECF8147C6B9D /* Onboarding */ = {
			isa = PBXGroup;
			children = (
				23591B301A183579098AA019 /* OnboardingView.swift */,
			);
			path = Onboarding;
			sourceTree = "<group>";
		};
		114270CAA80F01D311693B63 /* Products */ = {
			isa = PBXGroup;
			children = (
				5392500F86E23C099D33561D /* Tinycast.app */,
			);
			name = Products;
			sourceTree = "<group>";
		};
		15CFCD6B1429C5F0944CBCC4 /* Emoji */ = {
			isa = PBXGroup;
			children = (
				BB94F0767AE0A5855FB22BF6 /* EmojiGridView.swift */,
			);
			path = Emoji;
			sourceTree = "<group>";
		};
		356F452DB0F8F9834817455B /* Calculator */ = {
			isa = PBXGroup;
			children = (
				68BD5E61831CB92150C62E1F /* CalculatorHistoryView.swift */,
			);
			path = Calculator;
			sourceTree = "<group>";
		};
		4667598F175BCBB55CA88BEE /* About */ = {
			isa = PBXGroup;
			children = (
				4802942FF89B327A76432A9B /* AboutView.swift */,
			);
			path = About;
			sourceTree = "<group>";
		};
		7DE06EE636C14E50EE172D9E /* Launcher */ = {
			isa = PBXGroup;
			children = (
				C64C87569634E26E1BE99A91 /* CalculatorCardView.swift */,
				6BB7C545EFD9589A77AD7BE2 /* LauncherView.swift */,
			);
			path = Launcher;
			sourceTree = "<group>";
		};
		86342CF851F3A224E8703DE8 /* Files */ = {
			isa = PBXGroup;
			children = (
				84A458A743D161CA806E0339 /* FileGridView.swift */,
			);
			path = Files;
			sourceTree = "<group>";
		};
		95CA98985928A88B33F82556 /* Features */ = {
			isa = PBXGroup;
			children = (
				4667598F175BCBB55CA88BEE /* About */,
				356F452DB0F8F9834817455B /* Calculator */,
				005F026A8F7D5E209B1CE917 /* Clipboard */,
				15CFCD6B1429C5F0944CBCC4 /* Emoji */,
				86342CF851F3A224E8703DE8 /* Files */,
				7DE06EE636C14E50EE172D9E /* Launcher */,
				0ED457107377ECF8147C6B9D /* Onboarding */,
				E3202F504002B7792FC50B2F /* Settings */,
				98B7211D27EDF764EC477A0F /* PopoverMenu.swift */,
				0F50886DC766B9923C3875A5 /* RootPaletteView.swift */,
			);
			path = Features;
			sourceTree = "<group>";
		};
		BB6DB69437E85BCDB2530225 /* Tinycast */ = {
			isa = PBXGroup;
			children = (
				BCD69CF996AA28C1A52C0D05 /* App */,
				07DE9E76AC9C944A7EC3F253 /* Core */,
				95CA98985928A88B33F82556 /* Features */,
				C45190564C9D9F1722E83943 /* Assets.xcassets */,
				4DA7B926405DAC632C056418 /* Info.plist */,
				1EE2F7E7C7F2A97594835F82 /* Localizable.xcstrings */,
				45D4BA6E1BD8EB1F96A8927F /* Tinycast.entitlements */,
				6621A88681E993D49EEF07A3 /* tinycast.icon */,
			);
			path = Tinycast;
			sourceTree = "<group>";
		};
		BCD69CF996AA28C1A52C0D05 /* App */ = {
			isa = PBXGroup;
			children = (
				9C37CCD024267EB21876C7E9 /* AppDelegate.swift */,
				2B629EC3B716FEE881BB0075 /* TinycastApp.swift */,
			);
			path = App;
			sourceTree = "<group>";
		};
		C7693795CC6FB6188989435E /* Backup */ = {
			isa = PBXGroup;
			children = (
				C9D8C2C59C2B578CFE61E004 /* BackupActions.swift */,
				32A53295959552ED28D34960 /* Gunzip.swift */,
				B4049668745FD438D5792A2F /* RaycastImport.swift */,
				EDE0C0DC05F958A4B4DCAA8C /* Scrypt.swift */,
				5043CD44B4B40C49BE79852A /* SettingsBackup.swift */,
			);
			path = Backup;
			sourceTree = "<group>";
		};
		CB742F7643800C43475DE213 /* HotKey */ = {
			isa = PBXGroup;
			children = (
				1DB0D6E17E2B2D6F2CB47E0D /* HotKeyCenter.swift */,
				C6DC5A4706854493D23FD18A /* HyperKey.swift */,
				919AC64DE9C9DC3A973A0B4E /* HyperKeyTap.swift */,
				2C3EB07C07902C53BFD3B08B /* KeyShortcut.swift */,
			);
			path = HotKey;
			sourceTree = "<group>";
		};
		E2E33C02FBE324BED2E84314 /* Emoji */ = {
			isa = PBXGroup;
			children = (
				641A8B9F099ED1521F14D81E /* EmojiCatalog.swift */,
				79DB24EE452A7CA120B56FA6 /* EmojiData.generated.swift */,
				DABCE058D38F493D58F6E072 /* EmojiGridGeometry.swift */,
				74F450E10D107C1E30EA2BC6 /* EmojiIndex.swift */,
				9A228BEF62103605DE7A8F38 /* FrequentEmojiStore.swift */,
			);
			path = Emoji;
			sourceTree = "<group>";
		};
		E3202F504002B7792FC50B2F /* Settings */ = {
			isa = PBXGroup;
			children = (
				2FC323070A08CD17DFFB2F8A /* BackupSettingsView.swift */,
				849FF3D93960B75F341D867C /* ClipboardSettingsView.swift */,
				041AB49DDB9CA53148BB8A46 /* EmojiSettingsView.swift */,
				4F63A3610C275E4961D60C7E /* GeneralSettingsView.swift */,
				297F819E291F33E43E490359 /* MiscellaneousSettingsView.swift */,
				0C36D92A5018B9A7B33775DE /* PermissionsSettingsView.swift */,
				1BCCED95A78DC5BED117E960 /* RaycastImportSelection.swift */,
				D4777FBB3A4FBB2F95FDC250 /* SettingsComponents.swift */,
				68952539C0BD045BA175CBB6 /* SettingsRootView.swift */,
				596ADD747B4546B1E3340094 /* ShortcutRecorder.swift */,
				AF5AE919A2699E6EB8BF7DC8 /* ShortcutsSettingsView.swift */,
			);
			path = Settings;
			sourceTree = "<group>";
		};
		E78667BC941556AB120FB562 /* Calculator */ = {
			isa = PBXGroup;
			children = (
				299122624B5E1BA2C5400478 /* CalcCurrency.swift */,
				E0D3EBB9D877817D10D120A8 /* CalcDateTime.swift */,
				3B976C84AFE60E357A346224 /* CalcEngine.swift */,
				09093BF10EA97BDCA45A241F /* CalcFormatter.swift */,
				423CFE8AB90484D0309F24C0 /* CalcParser.swift */,
				88A65B4EC5AE7E22594BFC5E /* CalcPercent.swift */,
				25B8A7D8DBB0CE2ACEDB3979 /* CalcUnits.swift */,
				91FD21F130B4F0804F0DC32A /* CryptoData.generated.swift */,
				5E08668A3C8418E2F0970300 /* CurrencyData.generated.swift */,
			);
			path = Calculator;
			sourceTree = "<group>";
		};
		FB9897CCA50570B3E7630145 = {
			isa = PBXGroup;
			children = (
				BB6DB69437E85BCDB2530225 /* Tinycast */,
				114270CAA80F01D311693B63 /* Products */,
			);
			sourceTree = "<group>";
		};
/* End PBXGroup section */

/* Begin PBXNativeTarget section */
		51DBA6947AFD8275A0DF8DA0 /* Tinycast */ = {
			isa = PBXNativeTarget;
			buildConfigurationList = 46034AD14BC918424C2FADC2 /* Build configuration list for PBXNativeTarget "Tinycast" */;
			buildPhases = (
				6E13E657DC484EA7935E1C3A /* Sources */,
				0E8F5C3C217EFF5576B2CB4F /* Resources */,
			);
			buildRules = (
			);
			dependencies = (
			);
			name = Tinycast;
			packageProductDependencies = (
			);
			productName = Tinycast;
			productReference = 5392500F86E23C099D33561D /* Tinycast.app */;
			productType = "com.apple.product-type.application";
		};
/* End PBXNativeTarget section */

/* Begin PBXProject section */
		ADDC0DAB183B80B8B278C7BA /* Project object */ = {
			isa = PBXProject;
			attributes = {
				BuildIndependentTargetsInParallel = YES;
				LastUpgradeCheck = 1430;
				TargetAttributes = {
					51DBA6947AFD8275A0DF8DA0 = {
						DevelopmentTeam = "";
						ProvisioningStyle = Manual;
					};
				};
			};
			buildConfigurationList = 30A6EA6EDF1D9E18B33C229C /* Build configuration list for PBXProject "Tinycast" */;
			developmentRegion = en;
			hasScannedForEncodings = 0;
			knownRegions = (
				Base,
				en,
			);
			mainGroup = FB9897CCA50570B3E7630145;
			minimizedProjectReferenceProxies = 1;
			preferredProjectObjectVersion = 77;
			productRefGroup = 114270CAA80F01D311693B63 /* Products */;
			projectDirPath = "";
			projectRoot = "";
			targets = (
				51DBA6947AFD8275A0DF8DA0 /* Tinycast */,
			);
		};
/* End PBXProject section */

/* Begin PBXResourcesBuildPhase section */
		0E8F5C3C217EFF5576B2CB4F /* Resources */ = {
			isa = PBXResourcesBuildPhase;
			buildActionMask = 2147483647;
			files = (
				9969E6858C4FDC5CCCDEB5D8 /* Assets.xcassets in Resources */,
				F5EEA88C9F6BBC94539173D3 /* Localizable.xcstrings in Resources */,
				36784C964DB27B94A62EEAA3 /* tinycast.icon in Resources */,
			);
			runOnlyForDeploymentPostprocessing = 0;
		};
/* End PBXResourcesBuildPhase section */

/* Begin PBXSourcesBuildPhase section */
		6E13E657DC484EA7935E1C3A /* Sources */ = {
			isa = PBXSourcesBuildPhase;
			buildActionMask = 2147483647;
			files = (
				4F740AF85545CF4133C89B82 /* AboutView.swift in Sources */,
				97A195E9D6480418D4944560 /* AppCore.swift in Sources */,
				C0642512B709EF0517ABF4CB /* AppDelegate.swift in Sources */,
				D322804853973E1C19F2A408 /* AppIndex.swift in Sources */,
				DA2EBB18F026BD055E0270CD /* AppLauncher.swift in Sources */,
				FEA05585E8AA58506D378CAF /* AppSettings.swift in Sources */,
				AE0D0C53004C65D65BE89B6F /* BackupActions.swift in Sources */,
				8631543D8E0E008E7C541345 /* BackupSettingsView.swift in Sources */,
				BA76E53A12248B3A9C42B4F9 /* Bundle+AppName.swift in Sources */,
				D3D2ACD2D94588786C2185AE /* CalcCurrency.swift in Sources */,
				A9D8B54D88A60DE9FC1F43BF /* CalcDateTime.swift in Sources */,
				14A5A5ACD35A572EE906769F /* CalcEngine.swift in Sources */,
				649961AA51BA4D87626C27D5 /* CalcFormatter.swift in Sources */,
				72406E09AD9A33B56EA4923D /* CalcParser.swift in Sources */,
				D3CA50C1CFABC31E6BC7B73C /* CalcPercent.swift in Sources */,
				9EC89A6398BD075275FECC9E /* CalcUnits.swift in Sources */,
				DB04CC2AFEDD69D0676CA1D1 /* CalculatorCardView.swift in Sources */,
				42828BD1C5E4E6E7AA1BF103 /* CalculatorHistoryStore.swift in Sources */,
				FE6A9C75F87C3495F413E66E /* CalculatorHistoryView.swift in Sources */,
				B1B3F5715BE7A092F0CEFA09 /* ClipboardManager.swift in Sources */,
				1F39D145DBE2290532C93614 /* ClipboardSettingsView.swift in Sources */,
				441CF705AE1D03F6E236A61E /* ClipboardStore.swift in Sources */,
				34E5FF0B3C9FD2FFE504D87A /* ClipboardView.swift in Sources */,
				6D3DBE00FCB757C67669CFBA /* CommandRegistry.swift in Sources */,
				358EF6EDA7096C17C66EF072 /* CryptoData.generated.swift in Sources */,
				58D9585A47F05ABB371D3192 /* CryptoRateStore.swift in Sources */,
				AA8050D9A547CDDD37C581C4 /* CurrencyData.generated.swift in Sources */,
				6CDCE462405648998CDF1E77 /* CurrencyRateStore.swift in Sources */,
				715F8A70F7A533D2EEEF6135 /* EdgeDissolve.swift in Sources */,
				344D89B83B57C1DD1E7C0BFC /* EmojiCatalog.swift in Sources */,
				B810158281A87CBA2AB694D0 /* EmojiData.generated.swift in Sources */,
				C8F4555ECA895F63A34A327C /* EmojiGridGeometry.swift in Sources */,
				E952B659AEB905A3B233F78B /* EmojiGridView.swift in Sources */,
				854C19458C8A0AE0BD757600 /* EmojiIndex.swift in Sources */,
				8611F52FF00B8C43EC46F902 /* EmojiSettingsView.swift in Sources */,
				A41C0DCB2DEBCCA46F6C4B10 /* FavoritesStore.swift in Sources */,
				29E3CA650949801BDB6C46C4 /* FileBrowser.swift in Sources */,
				FD78FE7ED3B44E4F35455C67 /* FileGridView.swift in Sources */,
				AF2B2488A6490B0DF90C29B4 /* FileStore.swift in Sources */,
				24842144273FF92228540DBE /* FrequentEmojiStore.swift in Sources */,
				109B63469DA494BD58E4538E /* FuzzyMatch.swift in Sources */,
				1D0C2F452B3801503B70EA9E /* GeneralSettingsView.swift in Sources */,
				AD2141EBF98A246BDA3BAB8E /* Gunzip.swift in Sources */,
				DEC660F280699E43AA028E8A /* HotKeyCenter.swift in Sources */,
				903E82F78D3FCEF3A1AF3752 /* HotKeyManager.swift in Sources */,
				14712478C37E6E8760CA47EC /* HyperKey.swift in Sources */,
				F6B79728FF2D37A60FED72AF /* HyperKeyTap.swift in Sources */,
				E5072CA7D34BA877D97DF392 /* ImageThumbnail.swift in Sources */,
				F5F3381FF70997223F8888B0 /* KeyShortcut.swift in Sources */,
				A0DB31CA35D9A980CA984EDE /* LaunchAtLogin.swift in Sources */,
				DCC36924E538C11136CEC060 /* LauncherView.swift in Sources */,
				8F7431A1340D0A5783599087 /* MiscellaneousSettingsView.swift in Sources */,
				6962B8A2850A45401275F677 /* NotificationToken.swift in Sources */,
				DA5BCA13045FF91B3FC8EB35 /* OnboardingState.swift in Sources */,
				0DD808F80666846F4E74BAD8 /* OnboardingView.swift in Sources */,
				20C8E98F5BC0FDDB0F646F3D /* OverlayScroller.swift in Sources */,
				9A3972BE11AE353EFBB839A0 /* PalettePanel.swift in Sources */,
				F25D58ED6EF3308D38D01732 /* PaletteWindowController.swift in Sources */,
				F2B68DBA258D85DD5C6DC1CC /* Paster.swift in Sources */,
				32697AB3853D043A12888B96 /* Permissions.swift in Sources */,
				2085C9433B7534044E0A8A7D /* PermissionsSettingsView.swift in Sources */,
				80F1A591DB0F5385F5C9A06C /* PopoverMenu.swift in Sources */,
				734ACB5BEC04569D6C552CAE /* QuickLookController.swift in Sources */,
				8EF55652F19A1E0C5FF644B4 /* RaycastImport.swift in Sources */,
				ABBB2A811EB5C69D55A93B1C /* RaycastImportSelection.swift in Sources */,
				5568D02AE095293A15A7F30D /* RightClick.swift in Sources */,
				6F08764D6CC09E9B3FD1E05A /* RootPaletteView.swift in Sources */,
				C7DD1345A6BFB1D9EB22FCEE /* RunningApps.swift in Sources */,
				9A254BEE278D7B78B76553A9 /* Scrypt.swift in Sources */,
				374235D358A127741447551E /* SettingsBackup.swift in Sources */,
				86D400D72735A8D0829029DE /* SettingsComponents.swift in Sources */,
				4F3D96E59E117459153336F4 /* SettingsPaneScanner.swift in Sources */,
				CFB516312C4694DDFD99DBCA /* SettingsRootView.swift in Sources */,
				57AE40420A6A5349AD092878 /* ShortcutRecorder.swift in Sources */,
				05561CD36EF1A0775A282165 /* ShortcutsSettingsView.swift in Sources */,
				72ACD144841BF1117CD4E705 /* Theme.swift in Sources */,
				85BCD328F402C7E09461D87F /* ThinScrollbar.swift in Sources */,
				68FCC30764DD44ED72EFB6BA /* TinycastApp.swift in Sources */,
				693E88D22D00CF6FD9CD7413 /* VisibilityStore.swift in Sources */,
				A2EA931B8B8078A1D1162B53 /* VisualEffectView.swift in Sources */,
			);
			runOnlyForDeploymentPostprocessing = 0;
		};
/* End PBXSourcesBuildPhase section */

/* Begin XCBuildConfiguration section */
		0BDFADB1EE48BA5F7B103F30 /* Debug */ = {
			isa = XCBuildConfiguration;
			buildSettings = {
				ASSETCATALOG_COMPILER_APPICON_NAME = tinycast;
				CODE_SIGN_ENTITLEMENTS = Tinycast/Tinycast.entitlements;
				COMBINE_HIDPI_IMAGES = YES;
				INFOPLIST_FILE = Tinycast/Info.plist;
				LD_RUNPATH_SEARCH_PATHS = (
					"$(inherited)",
					"@executable_path/../Frameworks",
				);
				PRODUCT_BUNDLE_IDENTIFIER = com.tinycast.app.dev;
				PRODUCT_NAME = "Tinycast Dev";
				SDKROOT = macosx;
			};
			name = Debug;
		};
		58A6CE2BBFD809933397AE23 /* Release */ = {
			isa = XCBuildConfiguration;
			buildSettings = {
				ASSETCATALOG_COMPILER_APPICON_NAME = tinycast;
				CODE_SIGN_ENTITLEMENTS = Tinycast/Tinycast.entitlements;
				COMBINE_HIDPI_IMAGES = YES;
				INFOPLIST_FILE = Tinycast/Info.plist;
				LD_RUNPATH_SEARCH_PATHS = (
					"$(inherited)",
					"@executable_path/../Frameworks",
				);
				PRODUCT_BUNDLE_IDENTIFIER = com.tinycast.app;
				SDKROOT = macosx;
			};
			name = Release;
		};
		5DD32DD22FF4D687291A2701 /* Debug */ = {
			isa = XCBuildConfiguration;
			buildSettings = {
				ALWAYS_SEARCH_USER_PATHS = NO;
				CLANG_ANALYZER_NONNULL = YES;
				CLANG_ANALYZER_NUMBER_OBJECT_CONVERSION = YES_AGGRESSIVE;
				CLANG_CXX_LANGUAGE_STANDARD = "gnu++14";
				CLANG_CXX_LIBRARY = "libc++";
				CLANG_ENABLE_MODULES = YES;
				CLANG_ENABLE_OBJC_ARC = YES;
				CLANG_ENABLE_OBJC_WEAK = YES;
				CLANG_WARN_BLOCK_CAPTURE_AUTORELEASING = YES;
				CLANG_WARN_BOOL_CONVERSION = YES;
				CLANG_WARN_COMMA = YES;
				CLANG_WARN_CONSTANT_CONVERSION = YES;
				CLANG_WARN_DEPRECATED_OBJC_IMPLEMENTATIONS = YES;
				CLANG_WARN_DIRECT_OBJC_ISA_USAGE = YES_ERROR;
				CLANG_WARN_DOCUMENTATION_COMMENTS = YES;
				CLANG_WARN_EMPTY_BODY = YES;
				CLANG_WARN_ENUM_CONVERSION = YES;
				CLANG_WARN_INFINITE_RECURSION = YES;
				CLANG_WARN_INT_CONVERSION = YES;
				CLANG_WARN_NON_LITERAL_NULL_CONVERSION = YES;
				CLANG_WARN_OBJC_IMPLICIT_RETAIN_SELF = YES;
				CLANG_WARN_OBJC_LITERAL_CONVERSION = YES;
				CLANG_WARN_OBJC_ROOT_CLASS = YES_ERROR;
				CLANG_WARN_QUOTED_INCLUDE_IN_FRAMEWORK_HEADER = YES;
				CLANG_WARN_RANGE_LOOP_ANALYSIS = YES;
				CLANG_WARN_STRICT_PROTOTYPES = YES;
				CLANG_WARN_SUSPICIOUS_MOVE = YES;
				CLANG_WARN_UNGUARDED_AVAILABILITY = YES_AGGRESSIVE;
				CLANG_WARN_UNREACHABLE_CODE = YES;
				CLANG_WARN__DUPLICATE_METHOD_MATCH = YES;
				CODE_SIGN_IDENTITY = "Tinycast Self-Signed";
				CODE_SIGN_STYLE = Manual;
				COPY_PHASE_STRIP = NO;
				CURRENT_PROJECT_VERSION = 1;
				DEBUG_INFORMATION_FORMAT = dwarf;
				DEVELOPMENT_TEAM = "";
				ENABLE_HARDENED_RUNTIME = NO;
				ENABLE_STRICT_OBJC_MSGSEND = YES;
				ENABLE_TESTABILITY = YES;
				GCC_C_LANGUAGE_STANDARD = gnu11;
				GCC_DYNAMIC_NO_PIC = NO;
				GCC_NO_COMMON_BLOCKS = YES;
				GCC_OPTIMIZATION_LEVEL = 0;
				GCC_PREPROCESSOR_DEFINITIONS = (
					"$(inherited)",
					"DEBUG=1",
				);
				GCC_WARN_64_TO_32_BIT_CONVERSION = YES;
				GCC_WARN_ABOUT_RETURN_TYPE = YES_ERROR;
				GCC_WARN_UNDECLARED_SELECTOR = YES;
				GCC_WARN_UNINITIALIZED_AUTOS = YES_AGGRESSIVE;
				GCC_WARN_UNUSED_FUNCTION = YES;
				GCC_WARN_UNUSED_VARIABLE = YES;
				LOCALIZATION_PREFERS_STRING_CATALOGS = YES;
				MACOSX_DEPLOYMENT_TARGET = 26.0;
				MARKETING_VERSION = 0.1.0;
				MTL_ENABLE_DEBUG_INFO = INCLUDE_SOURCE;
				MTL_FAST_MATH = YES;
				ONLY_ACTIVE_ARCH = YES;
				PRODUCT_NAME = "$(TARGET_NAME)";
				SDKROOT = macosx;
				SWIFT_ACTIVE_COMPILATION_CONDITIONS = DEBUG;
				SWIFT_EMIT_LOC_STRINGS = YES;
				SWIFT_OPTIMIZATION_LEVEL = "-Onone";
				SWIFT_STRICT_CONCURRENCY = complete;
				SWIFT_VERSION = 6.0;
			};
			name = Debug;
		};
		CC3CD44A1E55885C69F58A29 /* Release */ = {
			isa = XCBuildConfiguration;
			buildSettings = {
				ALWAYS_SEARCH_USER_PATHS = NO;
				CLANG_ANALYZER_NONNULL = YES;
				CLANG_ANALYZER_NUMBER_OBJECT_CONVERSION = YES_AGGRESSIVE;
				CLANG_CXX_LANGUAGE_STANDARD = "gnu++14";
				CLANG_CXX_LIBRARY = "libc++";
				CLANG_ENABLE_MODULES = YES;
				CLANG_ENABLE_OBJC_ARC = YES;
				CLANG_ENABLE_OBJC_WEAK = YES;
				CLANG_WARN_BLOCK_CAPTURE_AUTORELEASING = YES;
				CLANG_WARN_BOOL_CONVERSION = YES;
				CLANG_WARN_COMMA = YES;
				CLANG_WARN_CONSTANT_CONVERSION = YES;
				CLANG_WARN_DEPRECATED_OBJC_IMPLEMENTATIONS = YES;
				CLANG_WARN_DIRECT_OBJC_ISA_USAGE = YES_ERROR;
				CLANG_WARN_DOCUMENTATION_COMMENTS = YES;
				CLANG_WARN_EMPTY_BODY = YES;
				CLANG_WARN_ENUM_CONVERSION = YES;
				CLANG_WARN_INFINITE_RECURSION = YES;
				CLANG_WARN_INT_CONVERSION = YES;
				CLANG_WARN_NON_LITERAL_NULL_CONVERSION = YES;
				CLANG_WARN_OBJC_IMPLICIT_RETAIN_SELF = YES;
				CLANG_WARN_OBJC_LITERAL_CONVERSION = YES;
				CLANG_WARN_OBJC_ROOT_CLASS = YES_ERROR;
				CLANG_WARN_QUOTED_INCLUDE_IN_FRAMEWORK_HEADER = YES;
				CLANG_WARN_RANGE_LOOP_ANALYSIS = YES;
				CLANG_WARN_STRICT_PROTOTYPES = YES;
				CLANG_WARN_SUSPICIOUS_MOVE = YES;
				CLANG_WARN_UNGUARDED_AVAILABILITY = YES_AGGRESSIVE;
				CLANG_WARN_UNREACHABLE_CODE = YES;
				CLANG_WARN__DUPLICATE_METHOD_MATCH = YES;
				CODE_SIGN_IDENTITY = "Tinycast Self-Signed";
				CODE_SIGN_STYLE = Manual;
				COPY_PHASE_STRIP = NO;
				CURRENT_PROJECT_VERSION = 1;
				DEAD_CODE_STRIPPING = YES;
				DEBUG_INFORMATION_FORMAT = "dwarf-with-dsym";
				DEPLOYMENT_POSTPROCESSING = YES;
				DEVELOPMENT_TEAM = "";
				ENABLE_HARDENED_RUNTIME = NO;
				ENABLE_NS_ASSERTIONS = NO;
				ENABLE_STRICT_OBJC_MSGSEND = YES;
				GCC_C_LANGUAGE_STANDARD = gnu11;
				GCC_NO_COMMON_BLOCKS = YES;
				GCC_WARN_64_TO_32_BIT_CONVERSION = YES;
				GCC_WARN_ABOUT_RETURN_TYPE = YES_ERROR;
				GCC_WARN_UNDECLARED_SELECTOR = YES;
				GCC_WARN_UNINITIALIZED_AUTOS = YES_AGGRESSIVE;
				GCC_WARN_UNUSED_FUNCTION = YES;
				GCC_WARN_UNUSED_VARIABLE = YES;
				LOCALIZATION_PREFERS_STRING_CATALOGS = YES;
				MACOSX_DEPLOYMENT_TARGET = 26.0;
				MARKETING_VERSION = 0.1.0;
				MTL_ENABLE_DEBUG_INFO = NO;
				MTL_FAST_MATH = YES;
				PRODUCT_NAME = "$(TARGET_NAME)";
				SDKROOT = macosx;
				STRIP_INSTALLED_PRODUCT = YES;
				STRIP_SWIFT_SYMBOLS = YES;
				SWIFT_COMPILATION_MODE = wholemodule;
				SWIFT_EMIT_LOC_STRINGS = YES;
				SWIFT_OPTIMIZATION_LEVEL = "-O";
				SWIFT_STRICT_CONCURRENCY = complete;
				SWIFT_VERSION = 6.0;
			};
			name = Release;
		};
/* End XCBuildConfiguration section */

/* Begin XCConfigurationList section */
		30A6EA6EDF1D9E18B33C229C /* Build configuration list for PBXProject "Tinycast" */ = {
			isa = XCConfigurationList;
			buildConfigurations = (
				5DD32DD22FF4D687291A2701 /* Debug */,
				CC3CD44A1E55885C69F58A29 /* Release */,
			);
			defaultConfigurationIsVisible = 0;
			defaultConfigurationName = Debug;
		};
		46034AD14BC918424C2FADC2 /* Build configuration list for PBXNativeTarget "Tinycast" */ = {
			isa = XCConfigurationList;
			buildConfigurations = (
				0BDFADB1EE48BA5F7B103F30 /* Debug */,
				58A6CE2BBFD809933397AE23 /* Release */,
			);
			defaultConfigurationIsVisible = 0;
			defaultConfigurationName = Debug;
		};
/* End XCConfigurationList section */
	};
	rootObject = ADDC0DAB183B80B8B278C7BA /* Project object */;
}
